Error: HTTPStatusError("Client error '404 Not Found' for url 'https://api.github.com/repos/briosolivares/github-action-demo/contents/package-lock.json?ref=test%2Fmulti-file-ts-error'\nFor more information check: https://developer.mozilla.org/en-US/docs/Web/HTTP/Status/404")
{
  "name": "shop-utils",
  "version": "1.0.0",
  "lockfileVersion": 3,
  "requires": true,
  "packages": {
    "": {
      "name": "shop-utils",
      "version": "1.0.0",
      "devDependencies": {
        "typescript": "^5.4.0"
      }
    },
    "node_modules/typescript": {
      "version": "5.8.3",
      "resolved": "https://registry.npmjs.org/typescript/-/typescript-5.8.3.tgz",
      "integrity": "sha512-p1diW6TqL9L07nNxvRMM7hMMw4c5XOo/1ibL4aAIGmSAt9slTE1Xgw5KWuof2uTOvCg9BY7ZRi+GaF+G6F0w==",
      "dev": true,
      "bin": {
        "tsc": "bin/tsc",
        "tsserver": "bin/tsserver"
      },
      "engines": {
        "node": ">=14.17"
      }
    }
  }
}
 Please fix your mistakes.